
Microsoft Visual Studio Solution File, Format Version 12.00
# Visual Studio 2013
VisualStudioVersion = 12.0.30723.0
MinimumVisualStudioVersion = 10.0.40219.1
Project("{FAE04EC0-301F-11D3-BF4B-00C04F79EFBC}") = "MobileService", "MobileService\MobileService.csproj", "{F99E9FC8-C830-46AF-8FCB-D9BE22CBF223}"
EndProject
Project("{E24C65DC-7377-472B-9ABA-BC803B73C61A}") = "AngularJS-BootStrapCRUD", "http://localhost:49595", "{EF924C62-190F-4946-8C70-540DE4CE5222}"
	ProjectSection(WebsiteProperties) = preProject
		UseIISExpress = "true"
		TargetFrameworkMoniker = ".NETFramework,Version%3Dv4.0"
		Debug.AspNetCompiler.VirtualPath = "/localhost_49595"
		Debug.AspNetCompiler.PhysicalPath = "AngularJS-BootStrapCRUD\"
		Debug.AspNetCompiler.TargetPath = "PrecompiledWeb\localhost_49595\"
		Debug.AspNetCompiler.Updateable = "true"
		Debug.AspNetCompiler.ForceOverwrite = "true"
		Debug.AspNetCompiler.FixedNames = "false"
		Debug.AspNetCompiler.Debug = "True"
		Release.AspNetCompiler.VirtualPath = "/localhost_49595"
		Release.AspNetCompiler.PhysicalPath = "AngularJS-BootStrapCRUD\"
		Release.AspNetCompiler.TargetPath = "PrecompiledWeb\localhost_49595\"
		Release.AspNetCompiler.Updateable = "true"
		Release.AspNetCompiler.ForceOverwrite = "true"
		Release.AspNetCompiler.FixedNames = "false"
		Release.AspNetCompiler.Debug = "False"
		SlnRelativePath = "AngularJS-BootStrapCRUD\"
	EndProjectSection
EndProject
Global
	GlobalSection(SolutionConfigurationPlatforms) = preSolution
		Debug|Any CPU = Debug|Any CPU
		Release|Any CPU = Release|Any CPU
	EndGlobalSection
	GlobalSection(ProjectConfigurationPlatforms) = postSolution
		{F99E9FC8-C830-46AF-8FCB-D9BE22CBF223}.Debug|Any CPU.ActiveCfg = Debug|Any CPU
		{F99E9FC8-C830-46AF-8FCB-D9BE22CBF223}.Debug|Any CPU.Build.0 = Debug|Any CPU
		{F99E9FC8-C830-46AF-8FCB-D9BE22CBF223}.Release|Any CPU.ActiveCfg = Release|Any CPU
		{F99E9FC8-C830-46AF-8FCB-D9BE22CBF223}.Release|Any CPU.Build.0 = Release|Any CPU
		{EF924C62-190F-4946-8C70-540DE4CE5222}.Debug|Any CPU.ActiveCfg = Debug|Any CPU
		{EF924C62-190F-4946-8C70-540DE4CE5222}.Debug|Any CPU.Build.0 = Debug|Any CPU
		{EF924C62-190F-4946-8C70-540DE4CE5222}.Release|Any CPU.ActiveCfg = Debug|Any CPU
		{EF924C62-190F-4946-8C70-540DE4CE5222}.Release|Any CPU.Build.0 = Debug|Any CPU
	EndGlobalSection
	GlobalSection(SolutionProperties) = preSolution
		HideSolutionNode = FALSE
	EndGlobalSection
EndGlobal
